
Microsoft Visual Studio Solution File, Format Version 12.00
# Visual Studio Version 16
VisualStudioVersion = 16.0.30503.244
MinimumVisualStudioVersion = 10.0.40219.1
Project("{FAE04EC0-301F-11D3-BF4B-00C04F79EFBC}") = "sporsalonu", "sporsalonu\sporsalonu.csproj", "{69B0790F-AE16-4140-BDE3-B396BCB8603C}"
EndProject
Global
	GlobalSection(SolutionConfigurationPlatforms) = preSolution
		Debug|Any CPU = Debug|Any CPU
		Release|Any CPU = Release|Any CPU
	EndGlobalSection
	GlobalSection(ProjectConfigurationPlatforms) = postSolution
		{69B0790F-AE16-4140-BDE3-B396BCB8603C}.Debug|Any CPU.ActiveCfg = Debug|Any CPU
		{69B0790F-AE16-4140-BDE3-B396BCB8603C}.Debug|Any CPU.Build.0 = Debug|Any CPU
		{69B0790F-AE16-4140-BDE3-B396BCB8603C}.Release|Any CPU.ActiveCfg = Release|Any CPU
		{69B0790F-AE16-4140-BDE3-B396BCB8603C}.Release|Any CPU.Build.0 = Release|Any CPU
	EndGlobalSection
	GlobalSection(SolutionProperties) = preSolution
		HideSolutionNode = FALSE
	EndGlobalSection
	GlobalSection(ExtensibilityGlobals) = postSolution
		SolutionGuid = {AAB684F7-4511-4634-B67F-DA5FE840D827}
	EndGlobalSection
EndGlobal
